deps = [
    {
        isFeral = false;
        sha256 = "";
        url = "";
        constraint = ">=6.3.0";
        name = "gmp";
    },
    {
        isFeral = false;
        sha256 = "";
        url = "";
        constraint = ">=4.2.2";
        name = "mpfr";
    },
    {
        isFeral = false;
        sha256 = "";
        url = "";
        constraint = ">=1.4.1";
        name = "mpc";
    }
];
